
Microsoft Visual Studio Solution File, Format Version 12.00
# Visual Studio Version 17
VisualStudioVersion = 17.10.34916.146
MinimumVisualStudioVersion = 10.0.40219.1
Project("{FAE04EC0-301F-11D3-BF4B-00C04F79EFBC}") = "ATMConsoleApp", "ATMConsoleApp\ATMConsoleApp.csproj", "{281977D3-88DA-421D-BD13-24682C0E3447}"
EndProject
Project("{FAE04EC0-301F-11D3-BF4B-00C04F79EFBC}") = "ATMCore", "ATMCore\ATMCore.csproj", "{4A077F21-3B2C-477A-A841-9BB20A68E219}"
EndProject
Project("{FAE04EC0-301F-11D3-BF4B-00C04F79EFBC}") = "ATMApp", "ATMApp\ATMApp.csproj", "{82A65BBA-F2FA-43C9-93FA-9EEF554CC6AD}"
EndProject
Global
	GlobalSection(SolutionConfigurationPlatforms) = preSolution
		Debug|Any CPU = Debug|Any CPU
		Release|Any CPU = Release|Any CPU
	EndGlobalSection
	GlobalSection(ProjectConfigurationPlatforms) = postSolution
		{281977D3-88DA-421D-BD13-24682C0E3447}.Debug|Any CPU.ActiveCfg = Debug|Any CPU
		{281977D3-88DA-421D-BD13-24682C0E3447}.Debug|Any CPU.Build.0 = Debug|Any CPU
		{281977D3-88DA-421D-BD13-24682C0E3447}.Release|Any CPU.ActiveCfg = Release|Any CPU
		{281977D3-88DA-421D-BD13-24682C0E3447}.Release|Any CPU.Build.0 = Release|Any CPU
		{4A077F21-3B2C-477A-A841-9BB20A68E219}.Debug|Any CPU.ActiveCfg = Debug|Any CPU
		{4A077F21-3B2C-477A-A841-9BB20A68E219}.Debug|Any CPU.Build.0 = Debug|Any CPU
		{4A077F21-3B2C-477A-A841-9BB20A68E219}.Release|Any CPU.ActiveCfg = Release|Any CPU
		{4A077F21-3B2C-477A-A841-9BB20A68E219}.Release|Any CPU.Build.0 = Release|Any CPU
		{82A65BBA-F2FA-43C9-93FA-9EEF554CC6AD}.Debug|Any CPU.ActiveCfg = Debug|Any CPU
		{82A65BBA-F2FA-43C9-93FA-9EEF554CC6AD}.Debug|Any CPU.Build.0 = Debug|Any CPU
		{82A65BBA-F2FA-43C9-93FA-9EEF554CC6AD}.Release|Any CPU.ActiveCfg = Release|Any CPU
		{82A65BBA-F2FA-43C9-93FA-9EEF554CC6AD}.Release|Any CPU.Build.0 = Release|Any CPU
	EndGlobalSection
	GlobalSection(SolutionProperties) = preSolution
		HideSolutionNode = FALSE
	EndGlobalSection
	GlobalSection(ExtensibilityGlobals) = postSolution
		SolutionGuid = {538C6FEB-9E5C-4D70-B7B9-0ED7AF906E66}
	EndGlobalSection
EndGlobal
